<?xml version="1.0" encoding="utf-8"?>
<Project ToolsVersion="4.0" xmlns="http://schemas.microsoft.com/developer/msbuild/2003">
  <ItemGroup>
    <Filter Include="Source Files">
      <UniqueIdentifier>{4FC737F1-C7A5-4376-A066-2A32D752A2FF}</UniqueIdentifier>
      <Extensions>cpp;c;cc;cxx;def;odl;idl;hpj;bat;asm;asmx</Extensions>
    </Filter>
    <Filter Include="Header Files">
      <UniqueIdentifier>{93995380-89BD-4b04-88EB-625FBE52EBFB}</UniqueIdentifier>
      <Extensions>h;hh;hpp;hxx;hm;inl;inc;xsd</Extensions>
    </Filter>
    <Filter Include="Resource Files">
      <UniqueIdentifier>{67DA6AB6-F800-4c08-8B7A-83BB121AAD01}</UniqueIdentifier>
      <Extensions>rc;ico;cur;bmp;dlg;rc2;rct;bin;rgs;gif;jpg;jpeg;jpe;resx;tiff;tif;png;wav;mfcribbon-ms</Extensions>
    </Filter>
    <Filter Include="Header Files\Common">
      <UniqueIdentifier>{a9dd2dec-7a10-4e23-9a95-b06e6c7d4899}</UniqueIdentifier>
    </Filter>
    <Filter Include="Header Files\Xml">
      <UniqueIdentifier>{e7a94ee4-7e5f-404f-8540-7e4190e5b05b}</UniqueIdentifier>
    </Filter>
    <Filter Include="Source Files\Common">
      <UniqueIdentifier>{01cd1f88-e08c-4146-bd49-4964725ab4c1}</UniqueIdentifier>
    </Filter>
    <Filter Include="Source Files\Xml">
      <UniqueIdentifier>{6429e715-8fee-473d-b589-35b7c2096f78}</UniqueIdentifier>
    </Filter>
  </ItemGroup>
  <ItemGroup>
    <Text Include="ReadMe.txt" />
  </ItemGroup>
  <ItemGroup>
    <ClInclude Include="stdafx.h">
      <Filter>Header Files</Filter>
    </ClInclude>
    <ClInclude Include="targetver.h">
      <Filter>Header Files</Filter>
    </ClInclude>
    <ClInclude Include="common\CommonInterface.h">
      <Filter>Header Files\Common</Filter>
    </ClInclude>
    <ClInclude Include="common\FileMove.h">
      <Filter>Header Files\Common</Filter>
    </ClInclude>
    <ClInclude Include="common\MiniDumper.h">
      <Filter>Header Files\Common</Filter>
    </ClInclude>
    <ClInclude Include="common\SPLogger.h">
      <Filter>Header Files\Common</Filter>
    </ClInclude>
    <ClInclude Include="common\WinVersion.h">
      <Filter>Header Files\Common</Filter>
    </ClInclude>
    <ClInclude Include="Xml\tinystr.h">
      <Filter>Header Files\Xml</Filter>
    </ClInclude>
    <ClInclude Include="Xml\tinyxml.h">
      <Filter>Header Files\Xml</Filter>
    </ClInclude>
    <ClInclude Include="common\XUnzip.h">
      <Filter>Header Files</Filter>
    </ClInclude>
    <ClInclude Include="common\ResourceHelper.h">
      <Filter>Header Files</Filter>
    </ClInclude>
  </ItemGroup>
  <ItemGroup>
    <ClCompile Include="stdafx.cpp">
      <Filter>Source Files</Filter>
    </ClCompile>
    <ClCompile Include="common\CommonInterface.cpp">
      <Filter>Source Files\Common</Filter>
    </ClCompile>
    <ClCompile Include="common\FileMove.cpp">
      <Filter>Source Files\Common</Filter>
    </ClCompile>
    <ClCompile Include="common\MiniDumper.cpp">
      <Filter>Source Files\Common</Filter>
    </ClCompile>
    <ClCompile Include="common\SPLogger.cpp">
      <Filter>Source Files\Common</Filter>
    </ClCompile>
    <ClCompile Include="common\WinVersion.cpp">
      <Filter>Source Files\Common</Filter>
    </ClCompile>
    <ClCompile Include="Xml\tinystr.cpp">
      <Filter>Source Files\Xml</Filter>
    </ClCompile>
    <ClCompile Include="Xml\tinyxml.cpp">
      <Filter>Source Files\Xml</Filter>
    </ClCompile>
    <ClCompile Include="Xml\tinyxmlerror.cpp">
      <Filter>Source Files\Xml</Filter>
    </ClCompile>
    <ClCompile Include="Xml\tinyxmlparser.cpp">
      <Filter>Source Files\Xml</Filter>
    </ClCompile>
    <ClCompile Include="common\XUnzip.cpp">
      <Filter>Source Files</Filter>
    </ClCompile>
    <ClCompile Include="common\ResourceHelper.cpp">
      <Filter>Source Files</Filter>
    </ClCompile>
  </ItemGroup>
</Project>